// !$*UTF8*$!
{
	archiveVersion = 1;
	classes = {
	};
	objectVersion = 55;
	objects = {

/* Begin PBXBuildFile section */
		3A7344206322934730D7E4CE /* Pods_GANMA.framework in Frameworks */ = {isa = PBXBuildFile; fileRef = 9052971D5409F8A1CA1D38DE /* Pods_GANMA.framework */; };
		DD176E56280E583C006FCD51 /* AppDelegate.swift in Sources */ = {isa = PBXBuildFile; fileRef = DD176E55280E583C006FCD51 /* AppDelegate.swift */; };
		DD176E58280E583C006FCD51 /* SceneDelegate.swift in Sources */ = {isa = PBXBuildFile; fileRef = DD176E57280E583C006FCD51 /* SceneDelegate.swift */; };
		DD176E5F280E583D006FCD51 /* Assets.xcassets in Resources */ = {isa = PBXBuildFile; fileRef = DD176E5E280E583D006FCD51 /* Assets.xcassets */; };
		DD176E62280E583D006FCD51 /* LaunchScreen.storyboard in Resources */ = {isa = PBXBuildFile; fileRef = DD176E60280E583D006FCD51 /* LaunchScreen.storyboard */; };
		DD176E6B280E5879006FCD51 /* RxCocoa in Frameworks */ = {isa = PBXBuildFile; productRef = DD176E6A280E5879006FCD51 /* RxCocoa */; };
		DD176E6D280E5879006FCD51 /* RxRelay in Frameworks */ = {isa = PBXBuildFile; productRef = DD176E6C280E5879006FCD51 /* RxRelay */; };
		DD176E6F280E5879006FCD51 /* RxSwift in Frameworks */ = {isa = PBXBuildFile; productRef = DD176E6E280E5879006FCD51 /* RxSwift */; };
		DD176E72280E588F006FCD51 /* SnapKit in Frameworks */ = {isa = PBXBuildFile; productRef = DD176E71280E588F006FCD51 /* SnapKit */; };
		DD176E7A280E5A56006FCD51 /* TabBarController.swift in Sources */ = {isa = PBXBuildFile; fileRef = DD176E79280E5A56006FCD51 /* TabBarController.swift */; };
		DD176E7C280E5CB6006FCD51 /* HomeViewController.swift in Sources */ = {isa = PBXBuildFile; fileRef = DD176E7B280E5CB6006FCD51 /* HomeViewController.swift */; };
		DD176E7E280E5E74006FCD51 /* PublishViewController.swift in Sources */ = {isa = PBXBuildFile; fileRef = DD176E7D280E5E74006FCD51 /* PublishViewController.swift */; };
		DD176E80280E5E82006FCD51 /* HomeViewModel.swift in Sources */ = {isa = PBXBuildFile; fileRef = DD176E7F280E5E82006FCD51 /* HomeViewModel.swift */; };
		DD176E82280E5E8D006FCD51 /* PublishViewModel.swift in Sources */ = {isa = PBXBuildFile; fileRef = DD176E81280E5E8D006FCD51 /* PublishViewModel.swift */; };
		DD176E84280E6103006FCD51 /* FinishViewController.swift in Sources */ = {isa = PBXBuildFile; fileRef = DD176E83280E6103006FCD51 /* FinishViewController.swift */; };
		DD176E86280E6119006FCD51 /* FinishViewModel.swift in Sources */ = {isa = PBXBuildFile; fileRef = DD176E85280E6119006FCD51 /* FinishViewModel.swift */; };
		DD176E88280E6156006FCD51 /* RankingViewController.swift in Sources */ = {isa = PBXBuildFile; fileRef = DD176E87280E6156006FCD51 /* RankingViewController.swift */; };
		DD176E8A280E615E006FCD51 /* RankingViewModel.swift in Sources */ = {isa = PBXBuildFile; fileRef = DD176E89280E615E006FCD51 /* RankingViewModel.swift */; };
		DD176E8C280E6168006FCD51 /* DrawerViewController.swift in Sources */ = {isa = PBXBuildFile; fileRef = DD176E8B280E6168006FCD51 /* DrawerViewController.swift */; };
		DD176E8E280E6170006FCD51 /* DrawerViewModel.swift in Sources */ = {isa = PBXBuildFile; fileRef = DD176E8D280E6170006FCD51 /* DrawerViewModel.swift */; };
		DD6032D62810D72500514A44 /* MenuScrollCollectionViewModel.swift in Sources */ = {isa = PBXBuildFile; fileRef = DD6032D52810D72500514A44 /* MenuScrollCollectionViewModel.swift */; };
		DD6032D82810D74B00514A44 /* MenuScrollCollectionViewCell.swift in Sources */ = {isa = PBXBuildFile; fileRef = DD6032D72810D74B00514A44 /* MenuScrollCollectionViewCell.swift */; };
		DD6032DA2810DB4300514A44 /* MenuScrollCollectionViewController.swift in Sources */ = {isa = PBXBuildFile; fileRef = DD6032D92810DB4300514A44 /* MenuScrollCollectionViewController.swift */; };
/* End PBXBuildFile section */

/* Begin PBXFileReference section */
		9052971D5409F8A1CA1D38DE /* Pods_GANMA.framework */ = {isa = PBXFileReference; explicitFileType = wrapper.framework; includeInIndex = 0; path = Pods_GANMA.framework; sourceTree = BUILT_PRODUCTS_DIR; };
		BFF30032769ACA1C19EFDB8E /* Pods-GANMA.release.xcconfig */ = {isa = PBXFileReference; includeInIndex = 1; lastKnownFileType = text.xcconfig; name = "Pods-GANMA.release.xcconfig"; path = "Target Support Files/Pods-GANMA/Pods-GANMA.release.xcconfig"; sourceTree = "<group>"; };
		C8E73A33D0D24D43F0227A04 /* Pods-GANMA.debug.xcconfig */ = {isa = PBXFileReference; includeInIndex = 1; lastKnownFileType = text.xcconfig; name = "Pods-GANMA.debug.xcconfig"; path = "Target Support Files/Pods-GANMA/Pods-GANMA.debug.xcconfig"; sourceTree = "<group>"; };
		DD176E52280E583C006FCD51 /* GANMA.app */ = {isa = PBXFileReference; explicitFileType = wrapper.application; includeInIndex = 0; path = GANMA.app; sourceTree = BUILT_PRODUCTS_DIR; };
		DD176E55280E583C006FCD51 /* AppDelegate.swift */ = {isa = PBXFileReference; lastKnownFileType = sourcecode.swift; path = AppDelegate.swift; sourceTree = "<group>"; };
		DD176E57280E583C006FCD51 /* SceneDelegate.swift */ = {isa = PBXFileReference; lastKnownFileType = sourcecode.swift; path = SceneDelegate.swift; sourceTree = "<group>"; };
		DD176E5E280E583D006FCD51 /* Assets.xcassets */ = {isa = PBXFileReference; lastKnownFileType = folder.assetcatalog; path = Assets.xcassets; sourceTree = "<group>"; };
		DD176E61280E583D006FCD51 /* Base */ = {isa = PBXFileReference; lastKnownFileType = file.storyboard; name = Base; path = Base.lproj/LaunchScreen.storyboard; sourceTree = "<group>"; };
		DD176E63280E583D006FCD51 /* Info.plist */ = {isa = PBXFileReference; lastKnownFileType = text.plist.xml; path = Info.plist; sourceTree = "<group>"; };
		DD176E79280E5A56006FCD51 /* TabBarController.swift */ = {isa = PBXFileReference; lastKnownFileType = sourcecode.swift; path = TabBarController.swift; sourceTree = "<group>"; };
		DD176E7B280E5CB6006FCD51 /* HomeViewController.swift */ = {isa = PBXFileReference; lastKnownFileType = sourcecode.swift; path = HomeViewController.swift; sourceTree = "<group>"; };
		DD176E7D280E5E74006FCD51 /* PublishViewController.swift */ = {isa = PBXFileReference; lastKnownFileType = sourcecode.swift; path = PublishViewController.swift; sourceTree = "<group>"; };
		DD176E7F280E5E82006FCD51 /* HomeViewModel.swift */ = {isa = PBXFileReference; lastKnownFileType = sourcecode.swift; path = HomeViewModel.swift; sourceTree = "<group>"; };
		DD176E81280E5E8D006FCD51 /* PublishViewModel.swift */ = {isa = PBXFileReference; lastKnownFileType = sourcecode.swift; path = PublishViewModel.swift; sourceTree = "<group>"; };
		DD176E83280E6103006FCD51 /* FinishViewController.swift */ = {isa = PBXFileReference; lastKnownFileType = sourcecode.swift; path = FinishViewController.swift; sourceTree = "<group>"; };
		DD176E85280E6119006FCD51 /* FinishViewModel.swift */ = {isa = PBXFileReference; lastKnownFileType = sourcecode.swift; path = FinishViewModel.swift; sourceTree = "<group>"; };
		DD176E87280E6156006FCD51 /* RankingViewController.swift */ = {isa = PBXFileReference; lastKnownFileType = sourcecode.swift; path = RankingViewController.swift; sourceTree = "<group>"; };
		DD176E89280E615E006FCD51 /* RankingViewModel.swift */ = {isa = PBXFileReference; lastKnownFileType = sourcecode.swift; path = RankingViewModel.swift; sourceTree = "<group>"; };
		DD176E8B280E6168006FCD51 /* DrawerViewController.swift */ = {isa = PBXFileReference; lastKnownFileType = sourcecode.swift; path = DrawerViewController.swift; sourceTree = "<group>"; };
		DD176E8D280E6170006FCD51 /* DrawerViewModel.swift */ = {isa = PBXFileReference; lastKnownFileType = sourcecode.swift; path = DrawerViewModel.swift; sourceTree = "<group>"; };
		DD6032D52810D72500514A44 /* MenuScrollCollectionViewModel.swift */ = {isa = PBXFileReference; lastKnownFileType = sourcecode.swift; path = MenuScrollCollectionViewModel.swift; sourceTree = "<group>"; };
		DD6032D72810D74B00514A44 /* MenuScrollCollectionViewCell.swift */ = {isa = PBXFileReference; lastKnownFileType = sourcecode.swift; path = MenuScrollCollectionViewCell.swift; sourceTree = "<group>"; };
		DD6032D92810DB4300514A44 /* MenuScrollCollectionViewController.swift */ = {isa = PBXFileReference; lastKnownFileType = sourcecode.swift; path = MenuScrollCollectionViewController.swift; sourceTree = "<group>"; };
/* End PBXFileReference section */

/* Begin PBXFrameworksBuildPhase section */
		DD176E4F280E583C006FCD51 /* Frameworks */ = {
			isa = PBXFrameworksBuildPhase;
			buildActionMask = 2147483647;
			files = (
				DD176E6F280E5879006FCD51 /* RxSwift in Frameworks */,
				DD176E72280E588F006FCD51 /* SnapKit in Frameworks */,
				DD176E6D280E5879006FCD51 /* RxRelay in Frameworks */,
				DD176E6B280E5879006FCD51 /* RxCocoa in Frameworks */,
				3A7344206322934730D7E4CE /* Pods_GANMA.framework in Frameworks */,
			);
			runOnlyForDeploymentPostprocessing = 0;
		};
/* End PBXFrameworksBuildPhase section */

/* Begin PBXGroup section */
		1E2A94B09F106117E9E4F48C /* Frameworks */ = {
			isa = PBXGroup;
			children = (
				9052971D5409F8A1CA1D38DE /* Pods_GANMA.framework */,
			);
			name = Frameworks;
			sourceTree = "<group>";
		};
		4EC11FC72B4306734C20EDA4 /* Pods */ = {
			isa = PBXGroup;
			children = (
				C8E73A33D0D24D43F0227A04 /* Pods-GANMA.debug.xcconfig */,
				BFF30032769ACA1C19EFDB8E /* Pods-GANMA.release.xcconfig */,
			);
			path = Pods;
			sourceTree = "<group>";
		};
		DD176E49280E583C006FCD51 = {
			isa = PBXGroup;
			children = (
				DD176E54280E583C006FCD51 /* GANMA */,
				DD176E53280E583C006FCD51 /* Products */,
				4EC11FC72B4306734C20EDA4 /* Pods */,
				1E2A94B09F106117E9E4F48C /* Frameworks */,
			);
			sourceTree = "<group>";
		};
		DD176E53280E583C006FCD51 /* Products */ = {
			isa = PBXGroup;
			children = (
				DD176E52280E583C006FCD51 /* GANMA.app */,
			);
			name = Products;
			sourceTree = "<group>";
		};
		DD176E54280E583C006FCD51 /* GANMA */ = {
			isa = PBXGroup;
			children = (
				DD176E55280E583C006FCD51 /* AppDelegate.swift */,
				DD176E57280E583C006FCD51 /* SceneDelegate.swift */,
				DD176E79280E5A56006FCD51 /* TabBarController.swift */,
				DD176E7B280E5CB6006FCD51 /* HomeViewController.swift */,
				DD176E7F280E5E82006FCD51 /* HomeViewModel.swift */,
				DD6032D228100AF100514A44 /* MenuScroll */,
				DD6032DB2810E0DE00514A44 /* later */,
				DD176E5E280E583D006FCD51 /* Assets.xcassets */,
				DD176E60280E583D006FCD51 /* LaunchScreen.storyboard */,
				DD176E63280E583D006FCD51 /* Info.plist */,
			);
			path = GANMA;
			sourceTree = "<group>";
		};
		DD6032D228100AF100514A44 /* MenuScroll */ = {
			isa = PBXGroup;
			children = (
				DD6032D92810DB4300514A44 /* MenuScrollCollectionViewController.swift */,
				DD6032D52810D72500514A44 /* MenuScrollCollectionViewModel.swift */,
				DD6032D72810D74B00514A44 /* MenuScrollCollectionViewCell.swift */,
			);
			path = MenuScroll;
			sourceTree = "<group>";
		};
		DD6032DB2810E0DE00514A44 /* later */ = {
			isa = PBXGroup;
			children = (
				DD176E7D280E5E74006FCD51 /* PublishViewController.swift */,
				DD176E81280E5E8D006FCD51 /* PublishViewModel.swift */,
				DD176E83280E6103006FCD51 /* FinishViewController.swift */,
				DD176E85280E6119006FCD51 /* FinishViewModel.swift */,
				DD176E87280E6156006FCD51 /* RankingViewController.swift */,
				DD176E89280E615E006FCD51 /* RankingViewModel.swift */,
				DD176E8B280E6168006FCD51 /* DrawerViewController.swift */,
				DD176E8D280E6170006FCD51 /* DrawerViewModel.swift */,
			);
			path = later;
			sourceTree = "<group>";
		};
/* End PBXGroup section */

/* Begin PBXNativeTarget section */
		DD176E51280E583C006FCD51 /* GANMA */ = {
			isa = PBXNativeTarget;
			buildConfigurationList = DD176E66280E583D006FCD51 /* Build configuration list for PBXNativeTarget "GANMA" */;
			buildPhases = (
				972FF01E3905B7AA0CC74172 /* [CP] Check Pods Manifest.lock */,
				DD176E4E280E583C006FCD51 /* Sources */,
				DD176E4F280E583C006FCD51 /* Frameworks */,
				DD176E50280E583C006FCD51 /* Resources */,
				D4F67E85532BB3AA8C28E8EF /* [CP] Embed Pods Frameworks */,
			);
			buildRules = (
			);
			dependencies = (
			);
			name = GANMA;
			packageProductDependencies = (
				DD176E6A280E5879006FCD51 /* RxCocoa */,
				DD176E6C280E5879006FCD51 /* RxRelay */,
				DD176E6E280E5879006FCD51 /* RxSwift */,
				DD176E71280E588F006FCD51 /* SnapKit */,
			);
			productName = GANMA;
			productReference = DD176E52280E583C006FCD51 /* GANMA.app */;
			productType = "com.apple.product-type.application";
		};
/* End PBXNativeTarget section */

/* Begin PBXProject section */
		DD176E4A280E583C006FCD51 /* Project object */ = {
			isa = PBXProject;
			attributes = {
				BuildIndependentTargetsInParallel = 1;
				LastSwiftUpdateCheck = 1330;
				LastUpgradeCheck = 1330;
				TargetAttributes = {
					DD176E51280E583C006FCD51 = {
						CreatedOnToolsVersion = 13.3.1;
					};
				};
			};
			buildConfigurationList = DD176E4D280E583C006FCD51 /* Build configuration list for PBXProject "GANMA" */;
			compatibilityVersion = "Xcode 13.0";
			developmentRegion = en;
			hasScannedForEncodings = 0;
			knownRegions = (
				en,
				Base,
			);
			mainGroup = DD176E49280E583C006FCD51;
			packageReferences = (
				DD176E69280E5879006FCD51 /* XCRemoteSwiftPackageReference "RxSwift" */,
				DD176E70280E588F006FCD51 /* XCRemoteSwiftPackageReference "SnapKit" */,
			);
			productRefGroup = DD176E53280E583C006FCD51 /* Products */;
			projectDirPath = "";
			projectRoot = "";
			targets = (
				DD176E51280E583C006FCD51 /* GANMA */,
			);
		};
/* End PBXProject section */

/* Begin PBXResourcesBuildPhase section */
		DD176E50280E583C006FCD51 /* Resources */ = {
			isa = PBXResourcesBuildPhase;
			buildActionMask = 2147483647;
			files = (
				DD176E62280E583D006FCD51 /* LaunchScreen.storyboard in Resources */,
				DD176E5F280E583D006FCD51 /* Assets.xcassets in Resources */,
			);
			runOnlyForDeploymentPostprocessing = 0;
		};
/* End PBXResourcesBuildPhase section */

/* Begin PBXShellScriptBuildPhase section */
		972FF01E3905B7AA0CC74172 /* [CP] Check Pods Manifest.lock */ = {
			isa = PBXShellScriptBuildPhase;
			buildActionMask = 2147483647;
			files = (
			);
			inputFileListPaths = (
			);
			inputPaths = (
				"${PODS_PODFILE_DIR_PATH}/Podfile.lock",
				"${PODS_ROOT}/Manifest.lock",
			);
			name = "[CP] Check Pods Manifest.lock";
			outputFileListPaths = (
			);
			outputPaths = (
				"$(DERIVED_FILE_DIR)/Pods-GANMA-checkManifestLockResult.txt",
			);
			runOnlyForDeploymentPostprocessing = 0;
			shellPath = /bin/sh;
			shellScript = "diff \"${PODS_PODFILE_DIR_PATH}/Podfile.lock\" \"${PODS_ROOT}/Manifest.lock\" > /dev/null\nif [ $? != 0 ] ; then\n    # print error to STDERR\n    echo \"error: The sandbox is not in sync with the Podfile.lock. Run 'pod install' or update your CocoaPods installation.\" >&2\n    exit 1\nfi\n# This output is used by Xcode 'outputs' to avoid re-running this script phase.\necho \"SUCCESS\" > \"${SCRIPT_OUTPUT_FILE_0}\"\n";
			showEnvVarsInLog = 0;
		};
		D4F67E85532BB3AA8C28E8EF /* [CP] Embed Pods Frameworks */ = {
			isa = PBXShellScriptBuildPhase;
			buildActionMask = 2147483647;
			files = (
			);
			inputFileListPaths = (
				"${PODS_ROOT}/Target Support Files/Pods-GANMA/Pods-GANMA-frameworks-${CONFIGURATION}-input-files.xcfilelist",
			);
			name = "[CP] Embed Pods Frameworks";
			outputFileListPaths = (
				"${PODS_ROOT}/Target Support Files/Pods-GANMA/Pods-GANMA-frameworks-${CONFIGURATION}-output-files.xcfilelist",
			);
			runOnlyForDeploymentPostprocessing = 0;
			shellPath = /bin/sh;
			shellScript = "\"${PODS_ROOT}/Target Support Files/Pods-GANMA/Pods-GANMA-frameworks.sh\"\n";
			showEnvVarsInLog = 0;
		};
/* End PBXShellScriptBuildPhase section */

/* Begin PBXSourcesBuildPhase section */
		DD176E4E280E583C006FCD51 /* Sources */ = {
			isa = PBXSourcesBuildPhase;
			buildActionMask = 2147483647;
			files = (
				DD176E8A280E615E006FCD51 /* RankingViewModel.swift in Sources */,
				DD176E7E280E5E74006FCD51 /* PublishViewController.swift in Sources */,
				DD6032DA2810DB4300514A44 /* MenuScrollCollectionViewController.swift in Sources */,
				DD176E80280E5E82006FCD51 /* HomeViewModel.swift in Sources */,
				DD176E7A280E5A56006FCD51 /* TabBarController.swift in Sources */,
				DD176E82280E5E8D006FCD51 /* PublishViewModel.swift in Sources */,
				DD176E8C280E6168006FCD51 /* DrawerViewController.swift in Sources */,
				DD176E56280E583C006FCD51 /* AppDelegate.swift in Sources */,
				DD176E8E280E6170006FCD51 /* DrawerViewModel.swift in Sources */,
				DD6032D62810D72500514A44 /* MenuScrollCollectionViewModel.swift in Sources */,
				DD176E88280E6156006FCD51 /* RankingViewController.swift in Sources */,
				DD176E84280E6103006FCD51 /* FinishViewController.swift in Sources */,
				DD176E58280E583C006FCD51 /* SceneDelegate.swift in Sources */,
				DD176E7C280E5CB6006FCD51 /* HomeViewController.swift in Sources */,
				DD176E86280E6119006FCD51 /* FinishViewModel.swift in Sources */,
				DD6032D82810D74B00514A44 /* MenuScrollCollectionViewCell.swift in Sources */,
			);
			runOnlyForDeploymentPostprocessing = 0;
		};
/* End PBXSourcesBuildPhase section */

/* Begin PBXVariantGroup section */
		DD176E60280E583D006FCD51 /* LaunchScreen.storyboard */ = {
			isa = PBXVariantGroup;
			children = (
				DD176E61280E583D006FCD51 /* Base */,
			);
			name = LaunchScreen.storyboard;
			sourceTree = "<group>";
		};
/* End PBXVariantGroup section */

/* Begin XCBuildConfiguration section */
		DD176E64280E583D006FCD51 /* Debug */ = {
			isa = XCBuildConfiguration;
			buildSettings = {
				ALWAYS_SEARCH_USER_PATHS = NO;
				CLANG_ANALYZER_NONNULL = YES;
				CLANG_ANALYZER_NUMBER_OBJECT_CONVERSION = YES_AGGRESSIVE;
				CLANG_CXX_LANGUAGE_STANDARD = "gnu++17";
				CLANG_ENABLE_MODULES = YES;
				CLANG_ENABLE_OBJC_ARC = YES;
				CLANG_ENABLE_OBJC_WEAK = YES;
				CLANG_WARN_BLOCK_CAPTURE_AUTORELEASING = YES;
				CLANG_WARN_BOOL_CONVERSION = YES;
				CLANG_WARN_COMMA = YES;
				CLANG_WARN_CONSTANT_CONVERSION = YES;
				CLANG_WARN_DEPRECATED_OBJC_IMPLEMENTATIONS = YES;
				CLANG_WARN_DIRECT_OBJC_ISA_USAGE = YES_ERROR;
				CLANG_WARN_DOCUMENTATION_COMMENTS = YES;
				CLANG_WARN_EMPTY_BODY = YES;
				CLANG_WARN_ENUM_CONVERSION = YES;
				CLANG_WARN_INFINITE_RECURSION = YES;
				CLANG_WARN_INT_CONVERSION = YES;
				CLANG_WARN_NON_LITERAL_NULL_CONVERSION = YES;
				CLANG_WARN_OBJC_IMPLICIT_RETAIN_SELF = YES;
				CLANG_WARN_OBJC_LITERAL_CONVERSION = YES;
				CLANG_WARN_OBJC_ROOT_CLASS = YES_ERROR;
				CLANG_WARN_QUOTED_INCLUDE_IN_FRAMEWORK_HEADER = YES;
				CLANG_WARN_RANGE_LOOP_ANALYSIS = YES;
				CLANG_WARN_STRICT_PROTOTYPES = YES;
				CLANG_WARN_SUSPICIOUS_MOVE = YES;
				CLANG_WARN_UNGUARDED_AVAILABILITY = YES_AGGRESSIVE;
				CLANG_WARN_UNREACHABLE_CODE = YES;
				CLANG_WARN__DUPLICATE_METHOD_MATCH = YES;
				COPY_PHASE_STRIP = NO;
				DEBUG_INFORMATION_FORMAT = dwarf;
				ENABLE_STRICT_OBJC_MSGSEND = YES;
				ENABLE_TESTABILITY = YES;
				GCC_C_LANGUAGE_STANDARD = gnu11;
				GCC_DYNAMIC_NO_PIC = NO;
				GCC_NO_COMMON_BLOCKS = YES;
				GCC_OPTIMIZATION_LEVEL = 0;
				GCC_PREPROCESSOR_DEFINITIONS = (
					"DEBUG=1",
					"$(inherited)",
				);
				GCC_WARN_64_TO_32_BIT_CONVERSION = YES;
				GCC_WARN_ABOUT_RETURN_TYPE = YES_ERROR;
				GCC_WARN_UNDECLARED_SELECTOR = YES;
				GCC_WARN_UNINITIALIZED_AUTOS = YES_AGGRESSIVE;
				GCC_WARN_UNUSED_FUNCTION = YES;
				GCC_WARN_UNUSED_VARIABLE = YES;
				IPHONEOS_DEPLOYMENT_TARGET = 15.4;
				MTL_ENABLE_DEBUG_INFO = INCLUDE_SOURCE;
				MTL_FAST_MATH = YES;
				ONLY_ACTIVE_ARCH = YES;
				SDKROOT = iphoneos;
				SWIFT_ACTIVE_COMPILATION_CONDITIONS = DEBUG;
				SWIFT_OPTIMIZATION_LEVEL = "-Onone";
			};
			name = Debug;
		};
		DD176E65280E583D006FCD51 /* Release */ = {
			isa = XCBuildConfiguration;
			buildSettings = {
				ALWAYS_SEARCH_USER_PATHS = NO;
				CLANG_ANALYZER_NONNULL = YES;
				CLANG_ANALYZER_NUMBER_OBJECT_CONVERSION = YES_AGGRESSIVE;
				CLANG_CXX_LANGUAGE_STANDARD = "gnu++17";
				CLANG_ENABLE_MODULES = YES;
				CLANG_ENABLE_OBJC_ARC = YES;
				CLANG_ENABLE_OBJC_WEAK = YES;
				CLANG_WARN_BLOCK_CAPTURE_AUTORELEASING = YES;
				CLANG_WARN_BOOL_CONVERSION = YES;
				CLANG_WARN_COMMA = YES;
				CLANG_WARN_CONSTANT_CONVERSION = YES;
				CLANG_WARN_DEPRECATED_OBJC_IMPLEMENTATIONS = YES;
				CLANG_WARN_DIRECT_OBJC_ISA_USAGE = YES_ERROR;
				CLANG_WARN_DOCUMENTATION_COMMENTS = YES;
				CLANG_WARN_EMPTY_BODY = YES;
				CLANG_WARN_ENUM_CONVERSION = YES;
				CLANG_WARN_INFINITE_RECURSION = YES;
				CLANG_WARN_INT_CONVERSION = YES;
				CLANG_WARN_NON_LITERAL_NULL_CONVERSION = YES;
				CLANG_WARN_OBJC_IMPLICIT_RETAIN_SELF = YES;
				CLANG_WARN_OBJC_LITERAL_CONVERSION = YES;
				CLANG_WARN_OBJC_ROOT_CLASS = YES_ERROR;
				CLANG_WARN_QUOTED_INCLUDE_IN_FRAMEWORK_HEADER = YES;
				CLANG_WARN_RANGE_LOOP_ANALYSIS = YES;
				CLANG_WARN_STRICT_PROTOTYPES = YES;
				CLANG_WARN_SUSPICIOUS_MOVE = YES;
				CLANG_WARN_UNGUARDED_AVAILABILITY = YES_AGGRESSIVE;
				CLANG_WARN_UNREACHABLE_CODE = YES;
				CLANG_WARN__DUPLICATE_METHOD_MATCH = YES;
				COPY_PHASE_STRIP = NO;
				DEBUG_INFORMATION_FORMAT = "dwarf-with-dsym";
				ENABLE_NS_ASSERTIONS = NO;
				ENABLE_STRICT_OBJC_MSGSEND = YES;
				GCC_C_LANGUAGE_STANDARD = gnu11;
				GCC_NO_COMMON_BLOCKS = YES;
				GCC_WARN_64_TO_32_BIT_CONVERSION = YES;
				GCC_WARN_ABOUT_RETURN_TYPE = YES_ERROR;
				GCC_WARN_UNDECLARED_SELECTOR = YES;
				GCC_WARN_UNINITIALIZED_AUTOS = YES_AGGRESSIVE;
				GCC_WARN_UNUSED_FUNCTION = YES;
				GCC_WARN_UNUSED_VARIABLE = YES;
				IPHONEOS_DEPLOYMENT_TARGET = 15.4;
				MTL_ENABLE_DEBUG_INFO = NO;
				MTL_FAST_MATH = YES;
				SDKROOT = iphoneos;
				SWIFT_COMPILATION_MODE = wholemodule;
				SWIFT_OPTIMIZATION_LEVEL = "-O";
				VALIDATE_PRODUCT = YES;
			};
			name = Release;
		};
		DD176E67280E583D006FCD51 /* Debug */ = {
			isa = XCBuildConfiguration;
			baseConfigurationReference = C8E73A33D0D24D43F0227A04 /* Pods-GANMA.debug.xcconfig */;
			buildSettings = {
				ASSETCATALOG_COMPILER_APPICON_NAME = AppIcon;
				ASSETCATALOG_COMPILER_GLOBAL_ACCENT_COLOR_NAME = AccentColor;
				CODE_SIGN_STYLE = Automatic;
				CURRENT_PROJECT_VERSION = 1;
				DEVELOPMENT_TEAM = 6P7X76PR5Q;
				GENERATE_INFOPLIST_FILE = YES;
				INFOPLIST_FILE = GANMA/Info.plist;
				INFOPLIST_KEY_UIApplicationSupportsIndirectInputEvents = YES;
				INFOPLIST_KEY_UILaunchStoryboardName = LaunchScreen;
				INFOPLIST_KEY_UIMainStoryboardFile = "";
				INFOPLIST_KEY_UISupportedInterfaceOrientations_iPad = "UIInterfaceOrientationPortrait UIInterfaceOrientationPortraitUpsideDown UIInterfaceOrientationLandscapeLeft UIInterfaceOrientationLandscapeRight";
				INFOPLIST_KEY_UISupportedInterfaceOrientations_iPhone = "UIInterfaceOrientationPortrait UIInterfaceOrientationLandscapeLeft UIInterfaceOrientationLandscapeRight";
				LD_RUNPATH_SEARCH_PATHS = (
					"$(inherited)",
					"@executable_path/Frameworks",
				);
				MARKETING_VERSION = 1.0;
				PRODUCT_BUNDLE_IDENTIFIER = LeePaper.GANMA;
				PRODUCT_NAME = "$(TARGET_NAME)";
				SWIFT_EMIT_LOC_STRINGS = YES;
				SWIFT_VERSION = 5.0;
				TARGETED_DEVICE_FAMILY = "1,2";
			};
			name = Debug;
		};
		DD176E68280E583D006FCD51 /* Release */ = {
			isa = XCBuildConfiguration;
			baseConfigurationReference = BFF30032769ACA1C19EFDB8E /* Pods-GANMA.release.xcconfig */;
			buildSettings = {
				ASSETCATALOG_COMPILER_APPICON_NAME = AppIcon;
				ASSETCATALOG_COMPILER_GLOBAL_ACCENT_COLOR_NAME = AccentColor;
				CODE_SIGN_STYLE = Automatic;
				CURRENT_PROJECT_VERSION = 1;
				DEVELOPMENT_TEAM = 6P7X76PR5Q;
				GENERATE_INFOPLIST_FILE = YES;
				INFOPLIST_FILE = GANMA/Info.plist;
				INFOPLIST_KEY_UIApplicationSupportsIndirectInputEvents = YES;
				INFOPLIST_KEY_UILaunchStoryboardName = LaunchScreen;
				INFOPLIST_KEY_UIMainStoryboardFile = "";
				INFOPLIST_KEY_UISupportedInterfaceOrientations_iPad = "UIInterfaceOrientationPortrait UIInterfaceOrientationPortraitUpsideDown UIInterfaceOrientationLandscapeLeft UIInterfaceOrientationLandscapeRight";
				INFOPLIST_KEY_UISupportedInterfaceOrientations_iPhone = "UIInterfaceOrientationPortrait UIInterfaceOrientationLandscapeLeft UIInterfaceOrientationLandscapeRight";
				LD_RUNPATH_SEARCH_PATHS = (
					"$(inherited)",
					"@executable_path/Frameworks",
				);
				MARKETING_VERSION = 1.0;
				PRODUCT_BUNDLE_IDENTIFIER = LeePaper.GANMA;
				PRODUCT_NAME = "$(TARGET_NAME)";
				SWIFT_EMIT_LOC_STRINGS = YES;
				SWIFT_VERSION = 5.0;
				TARGETED_DEVICE_FAMILY = "1,2";
			};
			name = Release;
		};
/* End XCBuildConfiguration section */

/* Begin XCConfigurationList section */
		DD176E4D280E583C006FCD51 /* Build configuration list for PBXProject "GANMA" */ = {
			isa = XCConfigurationList;
			buildConfigurations = (
				DD176E64280E583D006FCD51 /* Debug */,
				DD176E65280E583D006FCD51 /* Release */,
			);
			defaultConfigurationIsVisible = 0;
			defaultConfigurationName = Release;
		};
		DD176E66280E583D006FCD51 /* Build configuration list for PBXNativeTarget "GANMA" */ = {
			isa = XCConfigurationList;
			buildConfigurations = (
				DD176E67280E583D006FCD51 /* Debug */,
				DD176E68280E583D006FCD51 /* Release */,
			);
			defaultConfigurationIsVisible = 0;
			defaultConfigurationName = Release;
		};
/* End XCConfigurationList section */

/* Begin XCRemoteSwiftPackageReference section */
		DD176E69280E5879006FCD51 /* XCRemoteSwiftPackageReference "RxSwift" */ = {
			isa = XCRemoteSwiftPackageReference;
			repositoryURL = "https://github.com/ReactiveX/RxSwift.git";
			requirement = {
				branch = main;
				kind = branch;
			};
		};
		DD176E70280E588F006FCD51 /* XCRemoteSwiftPackageReference "SnapKit" */ = {
			isa = XCRemoteSwiftPackageReference;
			repositoryURL = "https://github.com/SnapKit/SnapKit.git";
			requirement = {
				branch = develop;
				kind = branch;
			};
		};
/* End XCRemoteSwiftPackageReference section */

/* Begin XCSwiftPackageProductDependency section */
		DD176E6A280E5879006FCD51 /* RxCocoa */ = {
			isa = XCSwiftPackageProductDependency;
			package = DD176E69280E5879006FCD51 /* XCRemoteSwiftPackageReference "RxSwift" */;
			productName = RxCocoa;
		};
		DD176E6C280E5879006FCD51 /* RxRelay */ = {
			isa = XCSwiftPackageProductDependency;
			package = DD176E69280E5879006FCD51 /* XCRemoteSwiftPackageReference "RxSwift" */;
			productName = RxRelay;
		};
		DD176E6E280E5879006FCD51 /* RxSwift */ = {
			isa = XCSwiftPackageProductDependency;
			package = DD176E69280E5879006FCD51 /* XCRemoteSwiftPackageReference "RxSwift" */;
			productName = RxSwift;
		};
		DD176E71280E588F006FCD51 /* SnapKit */ = {
			isa = XCSwiftPackageProductDependency;
			package = DD176E70280E588F006FCD51 /* XCRemoteSwiftPackageReference "SnapKit" */;
			productName = SnapKit;
		};
/* End XCSwiftPackageProductDependency section */
	};
	rootObject = DD176E4A280E583C006FCD51 /* Project object */;
}
